
Microsoft Visual Studio Solution File, Format Version 12.00
# Visual Studio 15
VisualStudioVersion = 15.0.28307.902
MinimumVisualStudioVersion = 10.0.40219.1
Project("{FAE04EC0-301F-11D3-BF4B-00C04F79EFBC}") = "EditPdfForm", "EditPdfForm\EditPdfForm.csproj", "{1428B7D9-E8AC-441C-A70D-64182BAC203C}"
EndProject
Global
	GlobalSection(SolutionConfigurationPlatforms) = preSolution
		Debug|Any CPU = Debug|Any CPU
		Release|Any CPU = Release|Any CPU
	EndGlobalSection
	GlobalSection(ProjectConfigurationPlatforms) = postSolution
		{1428B7D9-E8AC-441C-A70D-64182BAC203C}.Debug|Any CPU.ActiveCfg = Debug|Any CPU
		{1428B7D9-E8AC-441C-A70D-64182BAC203C}.Debug|Any CPU.Build.0 = Debug|Any CPU
		{1428B7D9-E8AC-441C-A70D-64182BAC203C}.Release|Any CPU.ActiveCfg = Release|Any CPU
		{1428B7D9-E8AC-441C-A70D-64182BAC203C}.Release|Any CPU.Build.0 = Release|Any CPU
	EndGlobalSection
	GlobalSection(SolutionProperties) = preSolution
		HideSolutionNode = FALSE
	EndGlobalSection
	GlobalSection(ExtensibilityGlobals) = postSolution
		SolutionGuid = {5C35ED69-DF90-4DE7-BB83-03AC2823B680}
	EndGlobalSection
EndGlobal
